// !$*UTF8*$!
{
	archiveVersion = 1;
	classes = {
	};
	objectVersion = 46;
	objects = {

/* Begin PBXBuildFile section */
		988023611E6D51AB004FF121 /* AppDelegate.swift in Sources */ = {isa = PBXBuildFile; fileRef = 988023601E6D51AB004FF121 /* AppDelegate.swift */; };
		988023631E6D51AB004FF121 /* ViewController.swift in Sources */ = {isa = PBXBuildFile; fileRef = 988023621E6D51AB004FF121 /* ViewController.swift */; };
		988023661E6D51AB004FF121 /* Main.storyboard in Resources */ = {isa = PBXBuildFile; fileRef = 988023641E6D51AB004FF121 /* Main.storyboard */; };
		988023681E6D51AB004FF121 /* Assets.xcassets in Resources */ = {isa = PBXBuildFile; fileRef = 988023671E6D51AB004FF121 /* Assets.xcassets */; };
		9880236B1E6D51AB004FF121 /* LaunchScreen.storyboard in Resources */ = {isa = PBXBuildFile; fileRef = 988023691E6D51AB004FF121 /* LaunchScreen.storyboard */; };
		988023761E6D51AB004FF121 /* scrollview_onboarding_Tests.swift in Sources */ = {isa = PBXBuildFile; fileRef = 988023751E6D51AB004FF121 /* scrollview_onboarding_Tests.swift */; };
		988023811E6D51AB004FF121 /* scrollview_onboarding_UITests.swift in Sources */ = {isa = PBXBuildFile; fileRef = 988023801E6D51AB004FF121 /* scrollview_onboarding_UITests.swift */; };
/* End PBXBuildFile section */

/* Begin PBXContainerItemProxy section */
		988023721E6D51AB004FF121 /* PBXContainerItemProxy */ = {
			isa = PBXContainerItemProxy;
			containerPortal = 988023551E6D51AA004FF121 /* Project object */;
			proxyType = 1;
			remoteGlobalIDString = 9880235C1E6D51AA004FF121;
			remoteInfo = "scrollview(onboarding)";
		};
		9880237D1E6D51AB004FF121 /* PBXContainerItemProxy */ = {
			isa = PBXContainerItemProxy;
			containerPortal = 988023551E6D51AA004FF121 /* Project object */;
			proxyType = 1;
			remoteGlobalIDString = 9880235C1E6D51AA004FF121;
			remoteInfo = "scrollview(onboarding)";
		};
/* End PBXContainerItemProxy section */

/* Begin PBXFileReference section */
		9880235D1E6D51AB004FF121 /* scrollview(onboarding).app */ = {isa = PBXFileReference; explicitFileType = wrapper.application; includeInIndex = 0; path = "scrollview(onboarding).app"; sourceTree = BUILT_PRODUCTS_DIR; };
		988023601E6D51AB004FF121 /* AppDelegate.swift */ = {isa = PBXFileReference; lastKnownFileType = sourcecode.swift; path = AppDelegate.swift; sourceTree = "<group>"; };
		988023621E6D51AB004FF121 /* ViewController.swift */ = {isa = PBXFileReference; lastKnownFileType = sourcecode.swift; path = ViewController.swift; sourceTree = "<group>"; };
		988023651E6D51AB004FF121 /* Base */ = {isa = PBXFileReference; lastKnownFileType = file.storyboard; name = Base; path = Base.lproj/Main.storyboard; sourceTree = "<group>"; };
		988023671E6D51AB004FF121 /* Assets.xcassets */ = {isa = PBXFileReference; lastKnownFileType = folder.assetcatalog; path = Assets.xcassets; sourceTree = "<group>"; };
		9880236A1E6D51AB004FF121 /* Base */ = {isa = PBXFileReference; lastKnownFileType = file.storyboard; name = Base; path = Base.lproj/LaunchScreen.storyboard; sourceTree = "<group>"; };
		9880236C1E6D51AB004FF121 /* Info.plist */ = {isa = PBXFileReference; lastKnownFileType = text.plist.xml; path = Info.plist; sourceTree = "<group>"; };
		988023711E6D51AB004FF121 /* scrollview(onboarding)Tests.xctest */ = {isa = PBXFileReference; explicitFileType = wrapper.cfbundle; includeInIndex = 0; path = "scrollview(onboarding)Tests.xctest"; sourceTree = BUILT_PRODUCTS_DIR; };
		988023751E6D51AB004FF121 /* scrollview_onboarding_Tests.swift */ = {isa = PBXFileReference; lastKnownFileType = sourcecode.swift; path = scrollview_onboarding_Tests.swift; sourceTree = "<group>"; };
		988023771E6D51AB004FF121 /* Info.plist */ = {isa = PBXFileReference; lastKnownFileType = text.plist.xml; path = Info.plist; sourceTree = "<group>"; };
		9880237C1E6D51AB004FF121 /* scrollview(onboarding)UITests.xctest */ = {isa = PBXFileReference; explicitFileType = wrapper.cfbundle; includeInIndex = 0; path = "scrollview(onboarding)UITests.xctest"; sourceTree = BUILT_PRODUCTS_DIR; };
		988023801E6D51AB004FF121 /* scrollview_onboarding_UITests.swift */ = {isa = PBXFileReference; lastKnownFileType = sourcecode.swift; path = scrollview_onboarding_UITests.swift; sourceTree = "<group>"; };
		988023821E6D51AB004FF121 /* Info.plist */ = {isa = PBXFileReference; lastKnownFileType = text.plist.xml; path = Info.plist; sourceTree = "<group>"; };
/* End PBXFileReference section */

/* Begin PBXFrameworksBuildPhase section */
		9880235A1E6D51AA004FF121 /* Frameworks */ = {
			isa = PBXFrameworksBuildPhase;
			buildActionMask = 2147483647;
			files = (
			);
			runOnlyForDeploymentPostprocessing = 0;
		};
		9880236E1E6D51AB004FF121 /* Frameworks */ = {
			isa = PBXFrameworksBuildPhase;
			buildActionMask = 2147483647;
			files = (
			);
			runOnlyForDeploymentPostprocessing = 0;
		};
		988023791E6D51AB004FF121 /* Frameworks */ = {
			isa = PBXFrameworksBuildPhase;
			buildActionMask = 2147483647;
			files = (
			);
			runOnlyForDeploymentPostprocessing = 0;
		};
/* End PBXFrameworksBuildPhase section */

/* Begin PBXGroup section */
		988023541E6D51AA004FF121 = {
			isa = PBXGroup;
			children = (
				9880235F1E6D51AB004FF121 /* scrollview(onboarding) */,
				988023741E6D51AB004FF121 /* scrollview(onboarding)Tests */,
				9880237F1E6D51AB004FF121 /* scrollview(onboarding)UITests */,
				9880235E1E6D51AB004FF121 /* Products */,
			);
			sourceTree = "<group>";
		};
		9880235E1E6D51AB004FF121 /* Products */ = {
			isa = PBXGroup;
			children = (
				9880235D1E6D51AB004FF121 /* scrollview(onboarding).app */,
				988023711E6D51AB004FF121 /* scrollview(onboarding)Tests.xctest */,
				9880237C1E6D51AB004FF121 /* scrollview(onboarding)UITests.xctest */,
			);
			name = Products;
			sourceTree = "<group>";
		};
		9880235F1E6D51AB004FF121 /* scrollview(onboarding) */ = {
			isa = PBXGroup;
			children = (
				988023601E6D51AB004FF121 /* AppDelegate.swift */,
				988023621E6D51AB004FF121 /* ViewController.swift */,
				988023641E6D51AB004FF121 /* Main.storyboard */,
				988023671E6D51AB004FF121 /* Assets.xcassets */,
				988023691E6D51AB004FF121 /* LaunchScreen.storyboard */,
				9880236C1E6D51AB004FF121 /* Info.plist */,
			);
			path = "scrollview(onboarding)";
			sourceTree = "<group>";
		};
		988023741E6D51AB004FF121 /* scrollview(onboarding)Tests */ = {
			isa = PBXGroup;
			children = (
				988023751E6D51AB004FF121 /* scrollview_onboarding_Tests.swift */,
				988023771E6D51AB004FF121 /* Info.plist */,
			);
			path = "scrollview(onboarding)Tests";
			sourceTree = "<group>";
		};
		9880237F1E6D51AB004FF121 /* scrollview(onboarding)UITests */ = {
			isa = PBXGroup;
			children = (
				988023801E6D51AB004FF121 /* scrollview_onboarding_UITests.swift */,
				988023821E6D51AB004FF121 /* Info.plist */,
			);
			path = "scrollview(onboarding)UITests";
			sourceTree = "<group>";
		};
/* End PBXGroup section */

/* Begin PBXNativeTarget section */
		9880235C1E6D51AA004FF121 /* scrollview(onboarding) */ = {
			isa = PBXNativeTarget;
			buildConfigurationList = 988023851E6D51AB004FF121 /* Build configuration list for PBXNativeTarget "scrollview(onboarding)" */;
			buildPhases = (
				988023591E6D51AA004FF121 /* Sources */,
				9880235A1E6D51AA004FF121 /* Frameworks */,
				9880235B1E6D51AA004FF121 /* Resources */,
			);
			buildRules = (
			);
			dependencies = (
			);
			name = "scrollview(onboarding)";
			productName = "scrollview(onboarding)";
			productReference = 9880235D1E6D51AB004FF121 /* scrollview(onboarding).app */;
			productType = "com.apple.product-type.application";
		};
		988023701E6D51AB004FF121 /* scrollview(onboarding)Tests */ = {
			isa = PBXNativeTarget;
			buildConfigurationList = 988023881E6D51AB004FF121 /* Build configuration list for PBXNativeTarget "scrollview(onboarding)Tests" */;
			buildPhases = (
				9880236D1E6D51AB004FF121 /* Sources */,
				9880236E1E6D51AB004FF121 /* Frameworks */,
				9880236F1E6D51AB004FF121 /* Resources */,
			);
			buildRules = (
			);
			dependencies = (
				988023731E6D51AB004FF121 /* PBXTargetDependency */,
			);
			name = "scrollview(onboarding)Tests";
			productName = "scrollview(onboarding)Tests";
			productReference = 988023711E6D51AB004FF121 /* scrollview(onboarding)Tests.xctest */;
			productType = "com.apple.product-type.bundle.unit-test";
		};
		9880237B1E6D51AB004FF121 /* scrollview(onboarding)UITests */ = {
			isa = PBXNativeTarget;
			buildConfigurationList = 9880238B1E6D51AB004FF121 /* Build configuration list for PBXNativeTarget "scrollview(onboarding)UITests" */;
			buildPhases = (
				988023781E6D51AB004FF121 /* Sources */,
				988023791E6D51AB004FF121 /* Frameworks */,
				9880237A1E6D51AB004FF121 /* Resources */,
			);
			buildRules = (
			);
			dependencies = (
				9880237E1E6D51AB004FF121 /* PBXTargetDependency */,
			);
			name = "scrollview(onboarding)UITests";
			productName = "scrollview(onboarding)UITests";
			productReference = 9880237C1E6D51AB004FF121 /* scrollview(onboarding)UITests.xctest */;
			productType = "com.apple.product-type.bundle.ui-testing";
		};
/* End PBXNativeTarget section */

/* Begin PBXProject section */
		988023551E6D51AA004FF121 /* Project object */ = {
			isa = PBXProject;
			attributes = {
				LastSwiftUpdateCheck = 0820;
				LastUpgradeCheck = 0820;
				ORGANIZATIONNAME = "Badr Moh";
				TargetAttributes = {
					9880235C1E6D51AA004FF121 = {
						CreatedOnToolsVersion = 8.2.1;
						DevelopmentTeam = P55Z59EHDR;
						ProvisioningStyle = Automatic;
					};
					988023701E6D51AB004FF121 = {
						CreatedOnToolsVersion = 8.2.1;
						DevelopmentTeam = P55Z59EHDR;
						ProvisioningStyle = Automatic;
						TestTargetID = 9880235C1E6D51AA004FF121;
					};
					9880237B1E6D51AB004FF121 = {
						CreatedOnToolsVersion = 8.2.1;
						DevelopmentTeam = P55Z59EHDR;
						ProvisioningStyle = Automatic;
						TestTargetID = 9880235C1E6D51AA004FF121;
					};
				};
			};
			buildConfigurationList = 988023581E6D51AA004FF121 /* Build configuration list for PBXProject "scrollview(onboarding)" */;
			compatibilityVersion = "Xcode 3.2";
			developmentRegion = English;
			hasScannedForEncodings = 0;
			knownRegions = (
				en,
				Base,
			);
			mainGroup = 988023541E6D51AA004FF121;
			productRefGroup = 9880235E1E6D51AB004FF121 /* Products */;
			projectDirPath = "";
			projectRoot = "";
			targets = (
				9880235C1E6D51AA004FF121 /* scrollview(onboarding) */,
				988023701E6D51AB004FF121 /* scrollview(onboarding)Tests */,
				9880237B1E6D51AB004FF121 /* scrollview(onboarding)UITests */,
			);
		};
/* End PBXProject section */

/* Begin PBXResourcesBuildPhase section */
		9880235B1E6D51AA004FF121 /* Resources */ = {
			isa = PBXResourcesBuildPhase;
			buildActionMask = 2147483647;
			files = (
				9880236B1E6D51AB004FF121 /* LaunchScreen.storyboard in Resources */,
				988023681E6D51AB004FF121 /* Assets.xcassets in Resources */,
				988023661E6D51AB004FF121 /* Main.storyboard in Resources */,
			);
			runOnlyForDeploymentPostprocessing = 0;
		};
		9880236F1E6D51AB004FF121 /* Resources */ = {
			isa = PBXResourcesBuildPhase;
			buildActionMask = 2147483647;
			files = (
			);
			runOnlyForDeploymentPostprocessing = 0;
		};
		9880237A1E6D51AB004FF121 /* Resources */ = {
			isa = PBXResourcesBuildPhase;
			buildActionMask = 2147483647;
			files = (
			);
			runOnlyForDeploymentPostprocessing = 0;
		};
/* End PBXResourcesBuildPhase section */

/* Begin PBXSourcesBuildPhase section */
		988023591E6D51AA004FF121 /* Sources */ = {
			isa = PBXSourcesBuildPhase;
			buildActionMask = 2147483647;
			files = (
				988023631E6D51AB004FF121 /* ViewController.swift in Sources */,
				988023611E6D51AB004FF121 /* AppDelegate.swift in Sources */,
			);
			runOnlyForDeploymentPostprocessing = 0;
		};
		9880236D1E6D51AB004FF121 /* Sources */ = {
			isa = PBXSourcesBuildPhase;
			buildActionMask = 2147483647;
			files = (
				988023761E6D51AB004FF121 /* scrollview_onboarding_Tests.swift in Sources */,
			);
			runOnlyForDeploymentPostprocessing = 0;
		};
		988023781E6D51AB004FF121 /* Sources */ = {
			isa = PBXSourcesBuildPhase;
			buildActionMask = 2147483647;
			files = (
				988023811E6D51AB004FF121 /* scrollview_onboarding_UITests.swift in Sources */,
			);
			runOnlyForDeploymentPostprocessing = 0;
		};
/* End PBXSourcesBuildPhase section */

/* Begin PBXTargetDependency section */
		988023731E6D51AB004FF121 /* PBXTargetDependency */ = {
			isa = PBXTargetDependency;
			target = 9880235C1E6D51AA004FF121 /* scrollview(onboarding) */;
			targetProxy = 988023721E6D51AB004FF121 /* PBXContainerItemProxy */;
		};
		9880237E1E6D51AB004FF121 /* PBXTargetDependency */ = {
			isa = PBXTargetDependency;
			target = 9880235C1E6D51AA004FF121 /* scrollview(onboarding) */;
			targetProxy = 9880237D1E6D51AB004FF121 /* PBXContainerItemProxy */;
		};
/* End PBXTargetDependency section */

/* Begin PBXVariantGroup section */
		988023641E6D51AB004FF121 /* Main.storyboard */ = {
			isa = PBXVariantGroup;
			children = (
				988023651E6D51AB004FF121 /* Base */,
			);
			name = Main.storyboard;
			sourceTree = "<group>";
		};
		988023691E6D51AB004FF121 /* LaunchScreen.storyboard */ = {
			isa = PBXVariantGroup;
			children = (
				9880236A1E6D51AB004FF121 /* Base */,
			);
			name = LaunchScreen.storyboard;
			sourceTree = "<group>";
		};
/* End PBXVariantGroup section */

/* Begin XCBuildConfiguration section */
		988023831E6D51AB004FF121 /* Debug */ = {
			isa = XCBuildConfiguration;
			buildSettings = {
				ALWAYS_SEARCH_USER_PATHS = NO;
				CLANG_ANALYZER_NONNULL = YES;
				CLANG_CXX_LANGUAGE_STANDARD = "gnu++0x";
				CLANG_CXX_LIBRARY = "libc++";
				CLANG_ENABLE_MODULES = YES;
				CLANG_ENABLE_OBJC_ARC = YES;
				CLANG_WARN_BOOL_CONVERSION = YES;
				CLANG_WARN_CONSTANT_CONVERSION = YES;
				CLANG_WARN_DIRECT_OBJC_ISA_USAGE = YES_ERROR;
				CLANG_WARN_DOCUMENTATION_COMMENTS = YES;
				CLANG_WARN_EMPTY_BODY = YES;
				CLANG_WARN_ENUM_CONVERSION = YES;
				CLANG_WARN_INFINITE_RECURSION = YES;
				CLANG_WARN_INT_CONVERSION = YES;
				CLANG_WARN_OBJC_ROOT_CLASS = YES_ERROR;
				CLANG_WARN_SUSPICIOUS_MOVE = YES;
				CLANG_WARN_UNREACHABLE_CODE = YES;
				CLANG_WARN__DUPLICATE_METHOD_MATCH = YES;
				"CODE_SIGN_IDENTITY[sdk=iphoneos*]" = "iPhone Developer";
				COPY_PHASE_STRIP = NO;
				DEBUG_INFORMATION_FORMAT = dwarf;
				ENABLE_STRICT_OBJC_MSGSEND = YES;
				ENABLE_TESTABILITY = YES;
				GCC_C_LANGUAGE_STANDARD = gnu99;
				GCC_DYNAMIC_NO_PIC = NO;
				GCC_NO_COMMON_BLOCKS = YES;
				GCC_OPTIMIZATION_LEVEL = 0;
				GCC_PREPROCESSOR_DEFINITIONS = (
					"DEBUG=1",
					"$(inherited)",
				);
				GCC_WARN_64_TO_32_BIT_CONVERSION = YES;
				GCC_WARN_ABOUT_RETURN_TYPE = YES_ERROR;
				GCC_WARN_UNDECLARED_SELECTOR = YES;
				GCC_WARN_UNINITIALIZED_AUTOS = YES_AGGRESSIVE;
				GCC_WARN_UNUSED_FUNCTION = YES;
				GCC_WARN_UNUSED_VARIABLE = YES;
				IPHONEOS_DEPLOYMENT_TARGET = 10.2;
				MTL_ENABLE_DEBUG_INFO = YES;
				ONLY_ACTIVE_ARCH = YES;
				SDKROOT = iphoneos;
				SWIFT_ACTIVE_COMPILATION_CONDITIONS = DEBUG;
				SWIFT_OPTIMIZATION_LEVEL = "-Onone";
				TARGETED_DEVICE_FAMILY = "1,2";
			};
			name = Debug;
		};
		988023841E6D51AB004FF121 /* Release */ = {
			isa = XCBuildConfiguration;
			buildSettings = {
				ALWAYS_SEARCH_USER_PATHS = NO;
				CLANG_ANALYZER_NONNULL = YES;
				CLANG_CXX_LANGUAGE_STANDARD = "gnu++0x";
				CLANG_CXX_LIBRARY = "libc++";
				CLANG_ENABLE_MODULES = YES;
				CLANG_ENABLE_OBJC_ARC = YES;
				CLANG_WARN_BOOL_CONVERSION = YES;
				CLANG_WARN_CONSTANT_CONVERSION = YES;
				CLANG_WARN_DIRECT_OBJC_ISA_USAGE = YES_ERROR;
				CLANG_WARN_DOCUMENTATION_COMMENTS = YES;
				CLANG_WARN_EMPTY_BODY = YES;
				CLANG_WARN_ENUM_CONVERSION = YES;
				CLANG_WARN_INFINITE_RECURSION = YES;
				CLANG_WARN_INT_CONVERSION = YES;
				CLANG_WARN_OBJC_ROOT_CLASS = YES_ERROR;
				CLANG_WARN_SUSPICIOUS_MOVE = YES;
				CLANG_WARN_UNREACHABLE_CODE = YES;
				CLANG_WARN__DUPLICATE_METHOD_MATCH = YES;
				"CODE_SIGN_IDENTITY[sdk=iphoneos*]" = "iPhone Developer";
				COPY_PHASE_STRIP = NO;
				DEBUG_INFORMATION_FORMAT = "dwarf-with-dsym";
				ENABLE_NS_ASSERTIONS = NO;
				ENABLE_STRICT_OBJC_MSGSEND = YES;
				GCC_C_LANGUAGE_STANDARD = gnu99;
				GCC_NO_COMMON_BLOCKS = YES;
				GCC_WARN_64_TO_32_BIT_CONVERSION = YES;
				GCC_WARN_ABOUT_RETURN_TYPE = YES_ERROR;
				GCC_WARN_UNDECLARED_SELECTOR = YES;
				GCC_WARN_UNINITIALIZED_AUTOS = YES_AGGRESSIVE;
				GCC_WARN_UNUSED_FUNCTION = YES;
				GCC_WARN_UNUSED_VARIABLE = YES;
				IPHONEOS_DEPLOYMENT_TARGET = 10.2;
				MTL_ENABLE_DEBUG_INFO = NO;
				SDKROOT = iphoneos;
				SWIFT_OPTIMIZATION_LEVEL = "-Owholemodule";
				TARGETED_DEVICE_FAMILY = "1,2";
				VALIDATE_PRODUCT = YES;
			};
			name = Release;
		};
		988023861E6D51AB004FF121 /* Debug */ = {
			isa = XCBuildConfiguration;
			buildSettings = {
				ASSETCATALOG_COMPILER_APPICON_NAME = AppIcon;
				DEVELOPMENT_TEAM = P55Z59EHDR;
				INFOPLIST_FILE = "scrollview(onboarding)/Info.plist";
				LD_RUNPATH_SEARCH_PATHS = "$(inherited) @executable_path/Frameworks";
				PRODUCT_BUNDLE_IDENTIFIER = "BM.scrollview-onboarding-";
				PRODUCT_NAME = "$(TARGET_NAME)";
				SWIFT_VERSION = 3.0;
			};
			name = Debug;
		};
		988023871E6D51AB004FF121 /* Release */ = {
			isa = XCBuildConfiguration;
			buildSettings = {
				ASSETCATALOG_COMPILER_APPICON_NAME = AppIcon;
				DEVELOPMENT_TEAM = P55Z59EHDR;
				INFOPLIST_FILE = "scrollview(onboarding)/Info.plist";
				LD_RUNPATH_SEARCH_PATHS = "$(inherited) @executable_path/Frameworks";
				PRODUCT_BUNDLE_IDENTIFIER = "BM.scrollview-onboarding-";
				PRODUCT_NAME = "$(TARGET_NAME)";
				SWIFT_VERSION = 3.0;
			};
			name = Release;
		};
		988023891E6D51AB004FF121 /* Debug */ = {
			isa = XCBuildConfiguration;
			buildSettings = {
				ALWAYS_EMBED_SWIFT_STANDARD_LIBRARIES = YES;
				BUNDLE_LOADER = "$(TEST_HOST)";
				DEVELOPMENT_TEAM = P55Z59EHDR;
				INFOPLIST_FILE = "scrollview(onboarding)Tests/Info.plist";
				LD_RUNPATH_SEARCH_PATHS = "$(inherited) @executable_path/Frameworks @loader_path/Frameworks";
				PRODUCT_BUNDLE_IDENTIFIER = "BM.scrollview-onboarding-Tests";
				PRODUCT_NAME = "$(TARGET_NAME)";
				SWIFT_VERSION = 3.0;
				TEST_HOST = "$(BUILT_PRODUCTS_DIR)/scrollview(onboarding).app/scrollview(onboarding)";
			};
			name = Debug;
		};
		9880238A1E6D51AB004FF121 /* Release */ = {
			isa = XCBuildConfiguration;
			buildSettings = {
				ALWAYS_EMBED_SWIFT_STANDARD_LIBRARIES = YES;
				BUNDLE_LOADER = "$(TEST_HOST)";
				DEVELOPMENT_TEAM = P55Z59EHDR;
				INFOPLIST_FILE = "scrollview(onboarding)Tests/Info.plist";
				LD_RUNPATH_SEARCH_PATHS = "$(inherited) @executable_path/Frameworks @loader_path/Frameworks";
				PRODUCT_BUNDLE_IDENTIFIER = "BM.scrollview-onboarding-Tests";
				PRODUCT_NAME = "$(TARGET_NAME)";
				SWIFT_VERSION = 3.0;
				TEST_HOST = "$(BUILT_PRODUCTS_DIR)/scrollview(onboarding).app/scrollview(onboarding)";
			};
			name = Release;
		};
		9880238C1E6D51AB004FF121 /* Debug */ = {
			isa = XCBuildConfiguration;
			buildSettings = {
				ALWAYS_EMBED_SWIFT_STANDARD_LIBRARIES = YES;
				DEVELOPMENT_TEAM = P55Z59EHDR;
				INFOPLIST_FILE = "scrollview(onboarding)UITests/Info.plist";
				LD_RUNPATH_SEARCH_PATHS = "$(inherited) @executable_path/Frameworks @loader_path/Frameworks";
				PRODUCT_BUNDLE_IDENTIFIER = "BM.scrollview-onboarding-UITests";
				PRODUCT_NAME = "$(TARGET_NAME)";
				SWIFT_VERSION = 3.0;
				TEST_TARGET_NAME = "scrollview(onboarding)";
			};
			name = Debug;
		};
		9880238D1E6D51AB004FF121 /* Release */ = {
			isa = XCBuildConfiguration;
			buildSettings = {
				ALWAYS_EMBED_SWIFT_STANDARD_LIBRARIES = YES;
				DEVELOPMENT_TEAM = P55Z59EHDR;
				INFOPLIST_FILE = "scrollview(onboarding)UITests/Info.plist";
				LD_RUNPATH_SEARCH_PATHS = "$(inherited) @executable_path/Frameworks @loader_path/Frameworks";
				PRODUCT_BUNDLE_IDENTIFIER = "BM.scrollview-onboarding-UITests";
				PRODUCT_NAME = "$(TARGET_NAME)";
				SWIFT_VERSION = 3.0;
				TEST_TARGET_NAME = "scrollview(onboarding)";
			};
			name = Release;
		};
/* End XCBuildConfiguration section */

/* Begin XCConfigurationList section */
		988023581E6D51AA004FF121 /* Build configuration list for PBXProject "scrollview(onboarding)" */ = {
			isa = XCConfigurationList;
			buildConfigurations = (
				988023831E6D51AB004FF121 /* Debug */,
				988023841E6D51AB004FF121 /* Release */,
			);
			defaultConfigurationIsVisible = 0;
			defaultConfigurationName = Release;
		};
		988023851E6D51AB004FF121 /* Build configuration list for PBXNativeTarget "scrollview(onboarding)" */ = {
			isa = XCConfigurationList;
			buildConfigurations = (
				988023861E6D51AB004FF121 /* Debug */,
				988023871E6D51AB004FF121 /* Release */,
			);
			defaultConfigurationIsVisible = 0;
		};
		988023881E6D51AB004FF121 /* Build configuration list for PBXNativeTarget "scrollview(onboarding)Tests" */ = {
			isa = XCConfigurationList;
			buildConfigurations = (
				988023891E6D51AB004FF121 /* Debug */,
				9880238A1E6D51AB004FF121 /* Release */,
			);
			defaultConfigurationIsVisible = 0;
		};
		9880238B1E6D51AB004FF121 /* Build configuration list for PBXNativeTarget "scrollview(onboarding)UITests" */ = {
			isa = XCConfigurationList;
			buildConfigurations = (
				9880238C1E6D51AB004FF121 /* Debug */,
				9880238D1E6D51AB004FF121 /* Release */,
			);
			defaultConfigurationIsVisible = 0;
		};
/* End XCConfigurationList section */
	};
	rootObject = 988023551E6D51AA004FF121 /* Project object */;
}
